
Microsoft Visual Studio Solution File, Format Version 12.00
# Visual Studio 15
VisualStudioVersion = 15.0.27130.2024
MinimumVisualStudioVersion = 10.0.40219.1
Project("{FAE04EC0-301F-11D3-BF4B-00C04F79EFBC}") = "DataAccessTest", "DataAccessTest\DataAccessTest.csproj", "{901301CD-FBB5-4429-906E-A55D66AE402C}"
EndProject
Project("{FAE04EC0-301F-11D3-BF4B-00C04F79EFBC}") = "ConfigurationManagerDataAccess", "ConfigurationManagerDataAccess\ConfigurationManagerDataAccess.csproj", "{B1D30C25-5F19-41F1-A9FD-63B254A3812F}"
EndProject
Project("{FAE04EC0-301F-11D3-BF4B-00C04F79EFBC}") = "DataAccess", "DataAccess\DataAccess.csproj", "{9FA5B743-9591-4CCE-8E9D-B37A0B63F91B}"
EndProject
Global
	GlobalSection(SolutionConfigurationPlatforms) = preSolution
		Debug|Any CPU = Debug|Any CPU
		Release|Any CPU = Release|Any CPU
	EndGlobalSection
	GlobalSection(ProjectConfigurationPlatforms) = postSolution
		{901301CD-FBB5-4429-906E-A55D66AE402C}.Debug|Any CPU.ActiveCfg = Debug|Any CPU
		{901301CD-FBB5-4429-906E-A55D66AE402C}.Debug|Any CPU.Build.0 = Debug|Any CPU
		{901301CD-FBB5-4429-906E-A55D66AE402C}.Release|Any CPU.ActiveCfg = Release|Any CPU
		{901301CD-FBB5-4429-906E-A55D66AE402C}.Release|Any CPU.Build.0 = Release|Any CPU
		{B1D30C25-5F19-41F1-A9FD-63B254A3812F}.Debug|Any CPU.ActiveCfg = Debug|Any CPU
		{B1D30C25-5F19-41F1-A9FD-63B254A3812F}.Debug|Any CPU.Build.0 = Debug|Any CPU
		{B1D30C25-5F19-41F1-A9FD-63B254A3812F}.Release|Any CPU.ActiveCfg = Release|Any CPU
		{B1D30C25-5F19-41F1-A9FD-63B254A3812F}.Release|Any CPU.Build.0 = Release|Any CPU
		{9FA5B743-9591-4CCE-8E9D-B37A0B63F91B}.Debug|Any CPU.ActiveCfg = Debug|Any CPU
		{9FA5B743-9591-4CCE-8E9D-B37A0B63F91B}.Debug|Any CPU.Build.0 = Debug|Any CPU
		{9FA5B743-9591-4CCE-8E9D-B37A0B63F91B}.Release|Any CPU.ActiveCfg = Release|Any CPU
		{9FA5B743-9591-4CCE-8E9D-B37A0B63F91B}.Release|Any CPU.Build.0 = Release|Any CPU
	EndGlobalSection
	GlobalSection(SolutionProperties) = preSolution
		HideSolutionNode = FALSE
	EndGlobalSection
	GlobalSection(ExtensibilityGlobals) = postSolution
		SolutionGuid = {DDCD6EE8-7A65-4706-A882-3294623EB5FD}
	EndGlobalSection
EndGlobal
